# This file is automatically @generated by Cargo.
# It is not intended for manual editing.
version = 4

[[package]]
name = "abi"
version = "0.1.0"

[[package]]
name = "compiler"
version = "0.1.0"
dependencies = [
 "abi",
 "vfs",
]

[[package]]
name = "shell-cli"
version = "0.1.0"
dependencies = [
 "abi",
 "vfs",
]

[[package]]
name = "vfs"
version = "0.1.0"
